
Microsoft Visual Studio Solution File, Format Version 12.00
# Visual Studio Version 17
VisualStudioVersion = 17.4.33205.214
MinimumVisualStudioVersion = 10.0.40219.1
Project("{FAE04EC0-301F-11D3-BF4B-00C04F79EFBC}") = "PackMan", "PackMan\PackMan.csproj", "{9DAE7D12-D157-43B5-BEE0-ED7D1D44D0ED}"
EndProject
Project("{FAE04EC0-301F-11D3-BF4B-00C04F79EFBC}") = "PackMan.Specs", "PackMan.Specs\PackMan.Specs.csproj", "{5B6F2375-EF0E-45D8-9F81-5D8BCE595F1E}"
EndProject
Global
	GlobalSection(SolutionConfigurationPlatforms) = preSolution
		Debug|Any CPU = Debug|Any CPU
		Release|Any CPU = Release|Any CPU
	EndGlobalSection
	GlobalSection(ProjectConfigurationPlatforms) = postSolution
		{9DAE7D12-D157-43B5-BEE0-ED7D1D44D0ED}.Debug|Any CPU.ActiveCfg = Debug|Any CPU
		{9DAE7D12-D157-43B5-BEE0-ED7D1D44D0ED}.Debug|Any CPU.Build.0 = Debug|Any CPU
		{9DAE7D12-D157-43B5-BEE0-ED7D1D44D0ED}.Release|Any CPU.ActiveCfg = Release|Any CPU
		{9DAE7D12-D157-43B5-BEE0-ED7D1D44D0ED}.Release|Any CPU.Build.0 = Release|Any CPU
		{5B6F2375-EF0E-45D8-9F81-5D8BCE595F1E}.Debug|Any CPU.ActiveCfg = Debug|Any CPU
		{5B6F2375-EF0E-45D8-9F81-5D8BCE595F1E}.Debug|Any CPU.Build.0 = Debug|Any CPU
		{5B6F2375-EF0E-45D8-9F81-5D8BCE595F1E}.Release|Any CPU.ActiveCfg = Release|Any CPU
		{5B6F2375-EF0E-45D8-9F81-5D8BCE595F1E}.Release|Any CPU.Build.0 = Release|Any CPU
	EndGlobalSection
	GlobalSection(SolutionProperties) = preSolution
		HideSolutionNode = FALSE
	EndGlobalSection
	GlobalSection(ExtensibilityGlobals) = postSolution
		SolutionGuid = {0339951F-7B00-41C3-A5CA-B6212956CD87}
	EndGlobalSection
EndGlobal
